
Microsoft Visual Studio Solution File, Format Version 12.00
# Visual Studio Version 17
VisualStudioVersion = 17.3.32825.248
MinimumVisualStudioVersion = 10.0.40219.1
Project("{FAE04EC0-301F-11D3-BF4B-00C04F79EFBC}") = "prjWinCsFinalProjectPart1", "prjWinCsFinalProjectPart1\prjWinCsFinalProjectPart1.csproj", "{4595E00B-ED96-4A22-A462-FEFD32AB9AFF}"
EndProject
Global
	GlobalSection(SolutionConfigurationPlatforms) = preSolution
		Debug|Any CPU = Debug|Any CPU
		Release|Any CPU = Release|Any CPU
	EndGlobalSection
	GlobalSection(ProjectConfigurationPlatforms) = postSolution
		{4595E00B-ED96-4A22-A462-FEFD32AB9AFF}.Debug|Any CPU.ActiveCfg = Debug|Any CPU
		{4595E00B-ED96-4A22-A462-FEFD32AB9AFF}.Debug|Any CPU.Build.0 = Debug|Any CPU
		{4595E00B-ED96-4A22-A462-FEFD32AB9AFF}.Release|Any CPU.ActiveCfg = Release|Any CPU
		{4595E00B-ED96-4A22-A462-FEFD32AB9AFF}.Release|Any CPU.Build.0 = Release|Any CPU
	EndGlobalSection
	GlobalSection(SolutionProperties) = preSolution
		HideSolutionNode = FALSE
	EndGlobalSection
	GlobalSection(ExtensibilityGlobals) = postSolution
		SolutionGuid = {FC73ACC2-5ED3-4EAD-A032-3311CC073B7D}
	EndGlobalSection
EndGlobal
